
Microsoft Visual Studio Solution File, Format Version 12.00
# Visual Studio 15
VisualStudioVersion = 15.0.28307.168
MinimumVisualStudioVersion = 10.0.40219.1
Project("{FAE04EC0-301F-11D3-BF4B-00C04F79EFBC}") = "BensJsonTranslatorWin", "BensJsonTranslatorWin.csproj", "{C026B7AF-81A2-4042-B857-4C7AD38F2593}"
EndProject
Project("{FAE04EC0-301F-11D3-BF4B-00C04F79EFBC}") = "JsonTranslateTest", "..\JsonTranslateTest\JsonTranslateTest.csproj", "{719BB52A-1390-455A-A719-4311BCFC9501}"
EndProject
Global
	GlobalSection(SolutionConfigurationPlatforms) = preSolution
		Debug|Any CPU = Debug|Any CPU
		Release|Any CPU = Release|Any CPU
	EndGlobalSection
	GlobalSection(ProjectConfigurationPlatforms) = postSolution
		{C026B7AF-81A2-4042-B857-4C7AD38F2593}.Debug|Any CPU.ActiveCfg = Debug|Any CPU
		{C026B7AF-81A2-4042-B857-4C7AD38F2593}.Debug|Any CPU.Build.0 = Debug|Any CPU
		{C026B7AF-81A2-4042-B857-4C7AD38F2593}.Release|Any CPU.ActiveCfg = Release|Any CPU
		{C026B7AF-81A2-4042-B857-4C7AD38F2593}.Release|Any CPU.Build.0 = Release|Any CPU
		{719BB52A-1390-455A-A719-4311BCFC9501}.Debug|Any CPU.ActiveCfg = Debug|Any CPU
		{719BB52A-1390-455A-A719-4311BCFC9501}.Debug|Any CPU.Build.0 = Debug|Any CPU
		{719BB52A-1390-455A-A719-4311BCFC9501}.Release|Any CPU.ActiveCfg = Release|Any CPU
		{719BB52A-1390-455A-A719-4311BCFC9501}.Release|Any CPU.Build.0 = Release|Any CPU
	EndGlobalSection
	GlobalSection(SolutionProperties) = preSolution
		HideSolutionNode = FALSE
	EndGlobalSection
	GlobalSection(ExtensibilityGlobals) = postSolution
		SolutionGuid = {61AEDE67-A730-494D-BEFA-6BEE34A5D317}
	EndGlobalSection
EndGlobal
