
Microsoft Visual Studio Solution File, Format Version 12.00
# Visual Studio 15
VisualStudioVersion = 15.0.28307.168
MinimumVisualStudioVersion = 10.0.40219.1
Project("{FAE04EC0-301F-11D3-BF4B-00C04F79EFBC}") = "TGUWeb", "TGUWeb\TGUWeb.csproj", "{2D29008A-0215-424C-86BB-846EE039AFDC}"
EndProject
Project("{FAE04EC0-301F-11D3-BF4B-00C04F79EFBC}") = "BensJsonTranslatorWin", "..\BensJsonTranslatorWin\BensJsonTranslatorWin.csproj", "{C026B7AF-81A2-4042-B857-4C7AD38F2593}"
EndProject
Project("{FAE04EC0-301F-11D3-BF4B-00C04F79EFBC}") = "BensTranslatorWin", "BensTranslatorWin\BensTranslatorWin.csproj", "{2967ED87-E709-4560-AEEC-E4E3AF7CE006}"
EndProject
Global
	GlobalSection(SolutionConfigurationPlatforms) = preSolution
		Debug|Any CPU = Debug|Any CPU
		Release|Any CPU = Release|Any CPU
	EndGlobalSection
	GlobalSection(ProjectConfigurationPlatforms) = postSolution
		{2D29008A-0215-424C-86BB-846EE039AFDC}.Debug|Any CPU.ActiveCfg = Debug|Any CPU
		{2D29008A-0215-424C-86BB-846EE039AFDC}.Debug|Any CPU.Build.0 = Debug|Any CPU
		{2D29008A-0215-424C-86BB-846EE039AFDC}.Release|Any CPU.ActiveCfg = Release|Any CPU
		{2D29008A-0215-424C-86BB-846EE039AFDC}.Release|Any CPU.Build.0 = Release|Any CPU
		{C026B7AF-81A2-4042-B857-4C7AD38F2593}.Debug|Any CPU.ActiveCfg = Debug|Any CPU
		{C026B7AF-81A2-4042-B857-4C7AD38F2593}.Debug|Any CPU.Build.0 = Debug|Any CPU
		{C026B7AF-81A2-4042-B857-4C7AD38F2593}.Release|Any CPU.ActiveCfg = Release|Any CPU
		{C026B7AF-81A2-4042-B857-4C7AD38F2593}.Release|Any CPU.Build.0 = Release|Any CPU
		{2967ED87-E709-4560-AEEC-E4E3AF7CE006}.Debug|Any CPU.ActiveCfg = Debug|Any CPU
		{2967ED87-E709-4560-AEEC-E4E3AF7CE006}.Debug|Any CPU.Build.0 = Debug|Any CPU
		{2967ED87-E709-4560-AEEC-E4E3AF7CE006}.Release|Any CPU.ActiveCfg = Release|Any CPU
		{2967ED87-E709-4560-AEEC-E4E3AF7CE006}.Release|Any CPU.Build.0 = Release|Any CPU
	EndGlobalSection
	GlobalSection(SolutionProperties) = preSolution
		HideSolutionNode = FALSE
	EndGlobalSection
	GlobalSection(ExtensibilityGlobals) = postSolution
		SolutionGuid = {2E4C4A6E-C79D-429D-8D2F-0317A896D181}
	EndGlobalSection
EndGlobal
