
Microsoft Visual Studio Solution File, Format Version 12.00
# Visual Studio 15
VisualStudioVersion = 15.0.28307.168
MinimumVisualStudioVersion = 10.0.40219.1
Project("{FAE04EC0-301F-11D3-BF4B-00C04F79EFBC}") = "TGUApp.Android", "TGUApp\TGUApp.Android\TGUApp.Android.csproj", "{4B46437C-40F0-46E6-83B8-5C38AD34406A}"
EndProject
Project("{FAE04EC0-301F-11D3-BF4B-00C04F79EFBC}") = "TGUApp", "TGUApp\TGUApp\TGUApp.csproj", "{E195280F-B0ED-4D8F-98A2-7B0F7947BC78}"
EndProject
Project("{9A19103F-16F7-4668-BE54-9A1E7A4F7556}") = "BensJsonDNS", "BensJsonDNS\BensJsonDNS.csproj", "{F4546FCB-8D10-4BD4-BD29-14CD323767E7}"
EndProject
Global
	GlobalSection(SolutionConfigurationPlatforms) = preSolution
		Debug|Any CPU = Debug|Any CPU
		Release|Any CPU = Release|Any CPU
	EndGlobalSection
	GlobalSection(ProjectConfigurationPlatforms) = postSolution
		{4B46437C-40F0-46E6-83B8-5C38AD34406A}.Debug|Any CPU.ActiveCfg = Debug|Any CPU
		{4B46437C-40F0-46E6-83B8-5C38AD34406A}.Debug|Any CPU.Build.0 = Debug|Any CPU
		{4B46437C-40F0-46E6-83B8-5C38AD34406A}.Debug|Any CPU.Deploy.0 = Debug|Any CPU
		{4B46437C-40F0-46E6-83B8-5C38AD34406A}.Release|Any CPU.ActiveCfg = Release|Any CPU
		{4B46437C-40F0-46E6-83B8-5C38AD34406A}.Release|Any CPU.Build.0 = Release|Any CPU
		{4B46437C-40F0-46E6-83B8-5C38AD34406A}.Release|Any CPU.Deploy.0 = Release|Any CPU
		{E195280F-B0ED-4D8F-98A2-7B0F7947BC78}.Debug|Any CPU.ActiveCfg = Debug|Any CPU
		{E195280F-B0ED-4D8F-98A2-7B0F7947BC78}.Debug|Any CPU.Build.0 = Debug|Any CPU
		{E195280F-B0ED-4D8F-98A2-7B0F7947BC78}.Debug|Any CPU.Deploy.0 = Debug|Any CPU
		{E195280F-B0ED-4D8F-98A2-7B0F7947BC78}.Release|Any CPU.ActiveCfg = Release|Any CPU
		{E195280F-B0ED-4D8F-98A2-7B0F7947BC78}.Release|Any CPU.Build.0 = Release|Any CPU
		{E195280F-B0ED-4D8F-98A2-7B0F7947BC78}.Release|Any CPU.Deploy.0 = Release|Any CPU
		{F4546FCB-8D10-4BD4-BD29-14CD323767E7}.Debug|Any CPU.ActiveCfg = Debug|Any CPU
		{F4546FCB-8D10-4BD4-BD29-14CD323767E7}.Debug|Any CPU.Build.0 = Debug|Any CPU
		{F4546FCB-8D10-4BD4-BD29-14CD323767E7}.Release|Any CPU.ActiveCfg = Release|Any CPU
		{F4546FCB-8D10-4BD4-BD29-14CD323767E7}.Release|Any CPU.Build.0 = Release|Any CPU
	EndGlobalSection
	GlobalSection(SolutionProperties) = preSolution
		HideSolutionNode = FALSE
	EndGlobalSection
	GlobalSection(ExtensibilityGlobals) = postSolution
		SolutionGuid = {147A3DB7-CC1E-4CF7-9A34-2594E15A11D4}
	EndGlobalSection
EndGlobal
